// !$*UTF8*$!
{
	archiveVersion = 1;
	classes = {
	};
	objectVersion = 50;
	objects = {

/* Begin PBXBuildFile section */
		5A156F85217840C500A617AD /* UIProgressBar+Extension.swift in Sources */ = {isa = PBXBuildFile; fileRef = 5A156F84217840C500A617AD /* UIProgressBar+Extension.swift */; };
		6F5A63042179B7E800A110E8 /* ViewShapeLayer.swift in Sources */ = {isa = PBXBuildFile; fileRef = 6F5A63032179B7E800A110E8 /* ViewShapeLayer.swift */; };
		6F65B7FD21770F3D005A091F /* AppDelegate.swift in Sources */ = {isa = PBXBuildFile; fileRef = 6F65B7FC21770F3D005A091F /* AppDelegate.swift */; };
		6F65B7FF21770F3D005A091F /* ViewController.swift in Sources */ = {isa = PBXBuildFile; fileRef = 6F65B7FE21770F3D005A091F /* ViewController.swift */; };
		6F65B80221770F3D005A091F /* Main.storyboard in Resources */ = {isa = PBXBuildFile; fileRef = 6F65B80021770F3D005A091F /* Main.storyboard */; };
		6F65B80421770F49005A091F /* Assets.xcassets in Resources */ = {isa = PBXBuildFile; fileRef = 6F65B80321770F49005A091F /* Assets.xcassets */; };
		6F65B80721770F49005A091F /* LaunchScreen.storyboard in Resources */ = {isa = PBXBuildFile; fileRef = 6F65B80521770F49005A091F /* LaunchScreen.storyboard */; };
/* End PBXBuildFile section */

/* Begin PBXFileReference section */
		5A156F84217840C500A617AD /* UIProgressBar+Extension.swift */ = {isa = PBXFileReference; fileEncoding = 4; lastKnownFileType = sourcecode.swift; path = "UIProgressBar+Extension.swift"; sourceTree = "<group>"; };
		6F5A63032179B7E800A110E8 /* ViewShapeLayer.swift */ = {isa = PBXFileReference; lastKnownFileType = sourcecode.swift; path = ViewShapeLayer.swift; sourceTree = "<group>"; };
		6F65B7F921770F3D005A091F /* ProgressTut.app */ = {isa = PBXFileReference; explicitFileType = wrapper.application; includeInIndex = 0; path = ProgressTut.app; sourceTree = BUILT_PRODUCTS_DIR; };
		6F65B7FC21770F3D005A091F /* AppDelegate.swift */ = {isa = PBXFileReference; lastKnownFileType = sourcecode.swift; path = AppDelegate.swift; sourceTree = "<group>"; };
		6F65B7FE21770F3D005A091F /* ViewController.swift */ = {isa = PBXFileReference; lastKnownFileType = sourcecode.swift; path = ViewController.swift; sourceTree = "<group>"; };
		6F65B80121770F3D005A091F /* Base */ = {isa = PBXFileReference; lastKnownFileType = file.storyboard; name = Base; path = Base.lproj/Main.storyboard; sourceTree = "<group>"; };
		6F65B80321770F49005A091F /* Assets.xcassets */ = {isa = PBXFileReference; lastKnownFileType = folder.assetcatalog; path = Assets.xcassets; sourceTree = "<group>"; };
		6F65B80621770F49005A091F /* Base */ = {isa = PBXFileReference; lastKnownFileType = file.storyboard; name = Base; path = Base.lproj/LaunchScreen.storyboard; sourceTree = "<group>"; };
		6F65B80821770F49005A091F /* Info.plist */ = {isa = PBXFileReference; lastKnownFileType = text.plist.xml; path = Info.plist; sourceTree = "<group>"; };
/* End PBXFileReference section */

/* Begin PBXFrameworksBuildPhase section */
		6F65B7F621770F3D005A091F /* Frameworks */ = {
			isa = PBXFrameworksBuildPhase;
			buildActionMask = 2147483647;
			files = (
			);
			runOnlyForDeploymentPostprocessing = 0;
		};
/* End PBXFrameworksBuildPhase section */

/* Begin PBXGroup section */
		6F65B7F021770F3C005A091F = {
			isa = PBXGroup;
			children = (
				6F65B7FB21770F3D005A091F /* ProgressTut */,
				6F65B7FA21770F3D005A091F /* Products */,
			);
			sourceTree = "<group>";
		};
		6F65B7FA21770F3D005A091F /* Products */ = {
			isa = PBXGroup;
			children = (
				6F65B7F921770F3D005A091F /* ProgressTut.app */,
			);
			name = Products;
			sourceTree = "<group>";
		};
		6F65B7FB21770F3D005A091F /* ProgressTut */ = {
			isa = PBXGroup;
			children = (
				6F65B7FC21770F3D005A091F /* AppDelegate.swift */,
				6F65B7FE21770F3D005A091F /* ViewController.swift */,
				5A156F84217840C500A617AD /* UIProgressBar+Extension.swift */,
				6F65B80021770F3D005A091F /* Main.storyboard */,
				6F65B80321770F49005A091F /* Assets.xcassets */,
				6F65B80521770F49005A091F /* LaunchScreen.storyboard */,
				6F65B80821770F49005A091F /* Info.plist */,
				6F5A63032179B7E800A110E8 /* ViewShapeLayer.swift */,
			);
			path = ProgressTut;
			sourceTree = "<group>";
		};
/* End PBXGroup section */

/* Begin PBXNativeTarget section */
		6F65B7F821770F3D005A091F /* ProgressTut */ = {
			isa = PBXNativeTarget;
			buildConfigurationList = 6F65B80B21770F49005A091F /* Build configuration list for PBXNativeTarget "ProgressTut" */;
			buildPhases = (
				6F65B7F521770F3D005A091F /* Sources */,
				6F65B7F621770F3D005A091F /* Frameworks */,
				6F65B7F721770F3D005A091F /* Resources */,
			);
			buildRules = (
			);
			dependencies = (
			);
			name = ProgressTut;
			productName = ProgressTut;
			productReference = 6F65B7F921770F3D005A091F /* ProgressTut.app */;
			productType = "com.apple.product-type.application";
		};
/* End PBXNativeTarget section */

/* Begin PBXProject section */
		6F65B7F121770F3D005A091F /* Project object */ = {
			isa = PBXProject;
			attributes = {
				LastSwiftUpdateCheck = 1000;
				LastUpgradeCheck = 1000;
				ORGANIZATIONNAME = TechTonic;
				TargetAttributes = {
					6F65B7F821770F3D005A091F = {
						CreatedOnToolsVersion = 10.0;
					};
				};
			};
			buildConfigurationList = 6F65B7F421770F3D005A091F /* Build configuration list for PBXProject "ProgressTut" */;
			compatibilityVersion = "Xcode 9.3";
			developmentRegion = en;
			hasScannedForEncodings = 0;
			knownRegions = (
				en,
				Base,
			);
			mainGroup = 6F65B7F021770F3C005A091F;
			productRefGroup = 6F65B7FA21770F3D005A091F /* Products */;
			projectDirPath = "";
			projectRoot = "";
			targets = (
				6F65B7F821770F3D005A091F /* ProgressTut */,
			);
		};
/* End PBXProject section */

/* Begin PBXResourcesBuildPhase section */
		6F65B7F721770F3D005A091F /* Resources */ = {
			isa = PBXResourcesBuildPhase;
			buildActionMask = 2147483647;
			files = (
				6F65B80721770F49005A091F /* LaunchScreen.storyboard in Resources */,
				6F65B80421770F49005A091F /* Assets.xcassets in Resources */,
				6F65B80221770F3D005A091F /* Main.storyboard in Resources */,
			);
			runOnlyForDeploymentPostprocessing = 0;
		};
/* End PBXResourcesBuildPhase section */

/* Begin PBXSourcesBuildPhase section */
		6F65B7F521770F3D005A091F /* Sources */ = {
			isa = PBXSourcesBuildPhase;
			buildActionMask = 2147483647;
			files = (
				6F5A63042179B7E800A110E8 /* ViewShapeLayer.swift in Sources */,
				5A156F85217840C500A617AD /* UIProgressBar+Extension.swift in Sources */,
				6F65B7FF21770F3D005A091F /* ViewController.swift in Sources */,
				6F65B7FD21770F3D005A091F /* AppDelegate.swift in Sources */,
			);
			runOnlyForDeploymentPostprocessing = 0;
		};
/* End PBXSourcesBuildPhase section */

/* Begin PBXVariantGroup section */
		6F65B80021770F3D005A091F /* Main.storyboard */ = {
			isa = PBXVariantGroup;
			children = (
				6F65B80121770F3D005A091F /* Base */,
			);
			name = Main.storyboard;
			sourceTree = "<group>";
		};
		6F65B80521770F49005A091F /* LaunchScreen.storyboard */ = {
			isa = PBXVariantGroup;
			children = (
				6F65B80621770F49005A091F /* Base */,
			);
			name = LaunchScreen.storyboard;
			sourceTree = "<group>";
		};
/* End PBXVariantGroup section */

/* Begin XCBuildConfiguration section */
		6F65B80921770F49005A091F /* Debug */ = {
			isa = XCBuildConfiguration;
			buildSettings = {
				ALWAYS_SEARCH_USER_PATHS = NO;
				CLANG_ANALYZER_NONNULL = YES;
				CLANG_ANALYZER_NUMBER_OBJECT_CONVERSION = YES_AGGRESSIVE;
				CLANG_CXX_LANGUAGE_STANDARD = "gnu++14";
				CLANG_CXX_LIBRARY = "libc++";
				CLANG_ENABLE_MODULES = YES;
				CLANG_ENABLE_OBJC_ARC = YES;
				CLANG_ENABLE_OBJC_WEAK = YES;
				CLANG_WARN_BLOCK_CAPTURE_AUTORELEASING = YES;
				CLANG_WARN_BOOL_CONVERSION = YES;
				CLANG_WARN_COMMA = YES;
				CLANG_WARN_CONSTANT_CONVERSION = YES;
				CLANG_WARN_DEPRECATED_OBJC_IMPLEMENTATIONS = YES;
				CLANG_WARN_DIRECT_OBJC_ISA_USAGE = YES_ERROR;
				CLANG_WARN_DOCUMENTATION_COMMENTS = YES;
				CLANG_WARN_EMPTY_BODY = YES;
				CLANG_WARN_ENUM_CONVERSION = YES;
				CLANG_WARN_INFINITE_RECURSION = YES;
				CLANG_WARN_INT_CONVERSION = YES;
				CLANG_WARN_NON_LITERAL_NULL_CONVERSION = YES;
				CLANG_WARN_OBJC_IMPLICIT_RETAIN_SELF = YES;
				CLANG_WARN_OBJC_LITERAL_CONVERSION = YES;
				CLANG_WARN_OBJC_ROOT_CLASS = YES_ERROR;
				CLANG_WARN_RANGE_LOOP_ANALYSIS = YES;
				CLANG_WARN_STRICT_PROTOTYPES = YES;
				CLANG_WARN_SUSPICIOUS_MOVE = YES;
				CLANG_WARN_UNGUARDED_AVAILABILITY = YES_AGGRESSIVE;
				CLANG_WARN_UNREACHABLE_CODE = YES;
				CLANG_WARN__DUPLICATE_METHOD_MATCH = YES;
				CODE_SIGN_IDENTITY = "iPhone Developer";
				COPY_PHASE_STRIP = NO;
				DEBUG_INFORMATION_FORMAT = dwarf;
				ENABLE_STRICT_OBJC_MSGSEND = YES;
				ENABLE_TESTABILITY = YES;
				GCC_C_LANGUAGE_STANDARD = gnu11;
				GCC_DYNAMIC_NO_PIC = NO;
				GCC_NO_COMMON_BLOCKS = YES;
				GCC_OPTIMIZATION_LEVEL = 0;
				GCC_PREPROCESSOR_DEFINITIONS = (
					"DEBUG=1",
					"$(inherited)",
				);
				GCC_WARN_64_TO_32_BIT_CONVERSION = YES;
				GCC_WARN_ABOUT_RETURN_TYPE = YES_ERROR;
				GCC_WARN_UNDECLARED_SELECTOR = YES;
				GCC_WARN_UNINITIALIZED_AUTOS = YES_AGGRESSIVE;
				GCC_WARN_UNUSED_FUNCTION = YES;
				GCC_WARN_UNUSED_VARIABLE = YES;
				IPHONEOS_DEPLOYMENT_TARGET = 12.0;
				MTL_ENABLE_DEBUG_INFO = INCLUDE_SOURCE;
				MTL_FAST_MATH = YES;
				ONLY_ACTIVE_ARCH = YES;
				SDKROOT = iphoneos;
				SWIFT_ACTIVE_COMPILATION_CONDITIONS = DEBUG;
				SWIFT_OPTIMIZATION_LEVEL = "-Onone";
			};
			name = Debug;
		};
		6F65B80A21770F49005A091F /* Release */ = {
			isa = XCBuildConfiguration;
			buildSettings = {
				ALWAYS_SEARCH_USER_PATHS = NO;
				CLANG_ANALYZER_NONNULL = YES;
				CLANG_ANALYZER_NUMBER_OBJECT_CONVERSION = YES_AGGRESSIVE;
				CLANG_CXX_LANGUAGE_STANDARD = "gnu++14";
				CLANG_CXX_LIBRARY = "libc++";
				CLANG_ENABLE_MODULES = YES;
				CLANG_ENABLE_OBJC_ARC = YES;
				CLANG_ENABLE_OBJC_WEAK = YES;
				CLANG_WARN_BLOCK_CAPTURE_AUTORELEASING = YES;
				CLANG_WARN_BOOL_CONVERSION = YES;
				CLANG_WARN_COMMA = YES;
				CLANG_WARN_CONSTANT_CONVERSION = YES;
				CLANG_WARN_DEPRECATED_OBJC_IMPLEMENTATIONS = YES;
				CLANG_WARN_DIRECT_OBJC_ISA_USAGE = YES_ERROR;
				CLANG_WARN_DOCUMENTATION_COMMENTS = YES;
				CLANG_WARN_EMPTY_BODY = YES;
				CLANG_WARN_ENUM_CONVERSION = YES;
				CLANG_WARN_INFINITE_RECURSION = YES;
				CLANG_WARN_INT_CONVERSION = YES;
				CLANG_WARN_NON_LITERAL_NULL_CONVERSION = YES;
				CLANG_WARN_OBJC_IMPLICIT_RETAIN_SELF = YES;
				CLANG_WARN_OBJC_LITERAL_CONVERSION = YES;
				CLANG_WARN_OBJC_ROOT_CLASS = YES_ERROR;
				CLANG_WARN_RANGE_LOOP_ANALYSIS = YES;
				CLANG_WARN_STRICT_PROTOTYPES = YES;
				CLANG_WARN_SUSPICIOUS_MOVE = YES;
				CLANG_WARN_UNGUARDED_AVAILABILITY = YES_AGGRESSIVE;
				CLANG_WARN_UNREACHABLE_CODE = YES;
				CLANG_WARN__DUPLICATE_METHOD_MATCH = YES;
				CODE_SIGN_IDENTITY = "iPhone Developer";
				COPY_PHASE_STRIP = NO;
				DEBUG_INFORMATION_FORMAT = "dwarf-with-dsym";
				ENABLE_NS_ASSERTIONS = NO;
				ENABLE_STRICT_OBJC_MSGSEND = YES;
				GCC_C_LANGUAGE_STANDARD = gnu11;
				GCC_NO_COMMON_BLOCKS = YES;
				GCC_WARN_64_TO_32_BIT_CONVERSION = YES;
				GCC_WARN_ABOUT_RETURN_TYPE = YES_ERROR;
				GCC_WARN_UNDECLARED_SELECTOR = YES;
				GCC_WARN_UNINITIALIZED_AUTOS = YES_AGGRESSIVE;
				GCC_WARN_UNUSED_FUNCTION = YES;
				GCC_WARN_UNUSED_VARIABLE = YES;
				IPHONEOS_DEPLOYMENT_TARGET = 12.0;
				MTL_ENABLE_DEBUG_INFO = NO;
				MTL_FAST_MATH = YES;
				SDKROOT = iphoneos;
				SWIFT_COMPILATION_MODE = wholemodule;
				SWIFT_OPTIMIZATION_LEVEL = "-O";
				VALIDATE_PRODUCT = YES;
			};
			name = Release;
		};
		6F65B80C21770F49005A091F /* Debug */ = {
			isa = XCBuildConfiguration;
			buildSettings = {
				ASSETCATALOG_COMPILER_APPICON_NAME = AppIcon;
				CODE_SIGN_IDENTITY = "iPhone Developer";
				CODE_SIGN_STYLE = Automatic;
				DEVELOPMENT_TEAM = WJA3TXPFS7;
				INFOPLIST_FILE = ProgressTut/Info.plist;
				LD_RUNPATH_SEARCH_PATHS = (
					"$(inherited)",
					"@executable_path/Frameworks",
				);
				PRODUCT_BUNDLE_IDENTIFIER = com.TechTonic.ProgressTut;
				PRODUCT_NAME = "$(TARGET_NAME)";
				PROVISIONING_PROFILE_SPECIFIER = "";
				SWIFT_VERSION = 4.2;
				TARGETED_DEVICE_FAMILY = "1,2";
			};
			name = Debug;
		};
		6F65B80D21770F49005A091F /* Release */ = {
			isa = XCBuildConfiguration;
			buildSettings = {
				ASSETCATALOG_COMPILER_APPICON_NAME = AppIcon;
				CODE_SIGN_IDENTITY = "iPhone Developer";
				CODE_SIGN_STYLE = Automatic;
				DEVELOPMENT_TEAM = WJA3TXPFS7;
				INFOPLIST_FILE = ProgressTut/Info.plist;
				LD_RUNPATH_SEARCH_PATHS = (
					"$(inherited)",
					"@executable_path/Frameworks",
				);
				PRODUCT_BUNDLE_IDENTIFIER = com.TechTonic.ProgressTut;
				PRODUCT_NAME = "$(TARGET_NAME)";
				PROVISIONING_PROFILE_SPECIFIER = "";
				SWIFT_VERSION = 4.2;
				TARGETED_DEVICE_FAMILY = "1,2";
			};
			name = Release;
		};
/* End XCBuildConfiguration section */

/* Begin XCConfigurationList section */
		6F65B7F421770F3D005A091F /* Build configuration list for PBXProject "ProgressTut" */ = {
			isa = XCConfigurationList;
			buildConfigurations = (
				6F65B80921770F49005A091F /* Debug */,
				6F65B80A21770F49005A091F /* Release */,
			);
			defaultConfigurationIsVisible = 0;
			defaultConfigurationName = Release;
		};
		6F65B80B21770F49005A091F /* Build configuration list for PBXNativeTarget "ProgressTut" */ = {
			isa = XCConfigurationList;
			buildConfigurations = (
				6F65B80C21770F49005A091F /* Debug */,
				6F65B80D21770F49005A091F /* Release */,
			);
			defaultConfigurationIsVisible = 0;
			defaultConfigurationName = Release;
		};
/* End XCConfigurationList section */
	};
	rootObject = 6F65B7F121770F3D005A091F /* Project object */;
}
